// !$*UTF8*$!
{
	archiveVersion = 1;
	classes = {
	};
	objectVersion = 56;
	objects = {

/* Begin PBXBuildFile section */
		7334C5F72A0B9AFF00FCF2BC /* TabBarViewController.swift in Sources */ = {isa = PBXBuildFile; fileRef = 7334C5F62A0B9AFF00FCF2BC /* TabBarViewController.swift */; };
		734EAC7F2A02837E002DA18D /* AppDelegate.swift in Sources */ = {isa = PBXBuildFile; fileRef = 734EAC7E2A02837E002DA18D /* AppDelegate.swift */; };
		734EAC812A02837E002DA18D /* SceneDelegate.swift in Sources */ = {isa = PBXBuildFile; fileRef = 734EAC802A02837E002DA18D /* SceneDelegate.swift */; };
		734EAC832A02837E002DA18D /* WelcomeVC.swift in Sources */ = {isa = PBXBuildFile; fileRef = 734EAC822A02837E002DA18D /* WelcomeVC.swift */; };
		734EAC882A028380002DA18D /* Assets.xcassets in Resources */ = {isa = PBXBuildFile; fileRef = 734EAC872A028380002DA18D /* Assets.xcassets */; };
		734EAC8B2A028380002DA18D /* LaunchScreen.storyboard in Resources */ = {isa = PBXBuildFile; fileRef = 734EAC892A028380002DA18D /* LaunchScreen.storyboard */; };
		7378831E2A02E386008349E5 /* TitleView.swift in Sources */ = {isa = PBXBuildFile; fileRef = 7378831D2A02E386008349E5 /* TitleView.swift */; };
		737883202A03B2F9008349E5 /* ProfileVC.swift in Sources */ = {isa = PBXBuildFile; fileRef = 7378831F2A03B2F9008349E5 /* ProfileVC.swift */; };
		737883222A03C628008349E5 /* JobListTableViewController.swift in Sources */ = {isa = PBXBuildFile; fileRef = 737883212A03C628008349E5 /* JobListTableViewController.swift */; };
		737883242A03C67F008349E5 /* Job.swift in Sources */ = {isa = PBXBuildFile; fileRef = 737883232A03C67F008349E5 /* Job.swift */; };
		737883262A03DDFF008349E5 /* JobListTableViewCell.swift in Sources */ = {isa = PBXBuildFile; fileRef = 737883252A03DDFF008349E5 /* JobListTableViewCell.swift */; };
		7378832E2A0432B0008349E5 /* Profile.swift in Sources */ = {isa = PBXBuildFile; fileRef = 7378832D2A0432B0008349E5 /* Profile.swift */; };
		737883322A043A70008349E5 /* DataBase.swift in Sources */ = {isa = PBXBuildFile; fileRef = 737883312A043A70008349E5 /* DataBase.swift */; };
		737883342A0442EE008349E5 /* JobDetailsViewController.swift in Sources */ = {isa = PBXBuildFile; fileRef = 737883332A0442EE008349E5 /* JobDetailsViewController.swift */; };
		737883362A044470008349E5 /* JobDetailsTableViewCell.swift in Sources */ = {isa = PBXBuildFile; fileRef = 737883352A044470008349E5 /* JobDetailsTableViewCell.swift */; };
		737883382A04E914008349E5 /* CustomFormlabel.swift in Sources */ = {isa = PBXBuildFile; fileRef = 737883372A04E914008349E5 /* CustomFormlabel.swift */; };
		7378833D2A050149008349E5 /* CustomProfileTableViewCell.swift in Sources */ = {isa = PBXBuildFile; fileRef = 7378833C2A050149008349E5 /* CustomProfileTableViewCell.swift */; };
		7378833F2A051AA7008349E5 /* ResumeVC.swift in Sources */ = {isa = PBXBuildFile; fileRef = 7378833E2A051AA7008349E5 /* ResumeVC.swift */; };
		737883412A0537F0008349E5 /* Util.swift in Sources */ = {isa = PBXBuildFile; fileRef = 737883402A0537F0008349E5 /* Util.swift */; };
		737883432A053DD9008349E5 /* Gender.swift in Sources */ = {isa = PBXBuildFile; fileRef = 737883422A053DD9008349E5 /* Gender.swift */; };
		737883452A0B832B008349E5 /* ResumeVCGenderDelegate.swift in Sources */ = {isa = PBXBuildFile; fileRef = 737883442A0B832B008349E5 /* ResumeVCGenderDelegate.swift */; };
		737883472A0B83F0008349E5 /* GenderVC.swift in Sources */ = {isa = PBXBuildFile; fileRef = 737883462A0B83F0008349E5 /* GenderVC.swift */; };
/* End PBXBuildFile section */

/* Begin PBXFileReference section */
		7334C5F62A0B9AFF00FCF2BC /* TabBarViewController.swift */ = {isa = PBXFileReference; lastKnownFileType = sourcecode.swift; path = TabBarViewController.swift; sourceTree = "<group>"; };
		734EAC7B2A02837E002DA18D /* Forms.app */ = {isa = PBXFileReference; explicitFileType = wrapper.application; includeInIndex = 0; path = Forms.app; sourceTree = BUILT_PRODUCTS_DIR; };
		734EAC7E2A02837E002DA18D /* AppDelegate.swift */ = {isa = PBXFileReference; lastKnownFileType = sourcecode.swift; path = AppDelegate.swift; sourceTree = "<group>"; };
		734EAC802A02837E002DA18D /* SceneDelegate.swift */ = {isa = PBXFileReference; lastKnownFileType = sourcecode.swift; path = SceneDelegate.swift; sourceTree = "<group>"; };
		734EAC822A02837E002DA18D /* WelcomeVC.swift */ = {isa = PBXFileReference; lastKnownFileType = sourcecode.swift; path = WelcomeVC.swift; sourceTree = "<group>"; };
		734EAC872A028380002DA18D /* Assets.xcassets */ = {isa = PBXFileReference; lastKnownFileType = folder.assetcatalog; path = Assets.xcassets; sourceTree = "<group>"; };
		734EAC8A2A028380002DA18D /* Base */ = {isa = PBXFileReference; lastKnownFileType = file.storyboard; name = Base; path = Base.lproj/LaunchScreen.storyboard; sourceTree = "<group>"; };
		734EAC8C2A028380002DA18D /* Info.plist */ = {isa = PBXFileReference; lastKnownFileType = text.plist.xml; path = Info.plist; sourceTree = "<group>"; };
		7378831D2A02E386008349E5 /* TitleView.swift */ = {isa = PBXFileReference; lastKnownFileType = sourcecode.swift; path = TitleView.swift; sourceTree = "<group>"; };
		7378831F2A03B2F9008349E5 /* ProfileVC.swift */ = {isa = PBXFileReference; lastKnownFileType = sourcecode.swift; path = ProfileVC.swift; sourceTree = "<group>"; };
		737883212A03C628008349E5 /* JobListTableViewController.swift */ = {isa = PBXFileReference; lastKnownFileType = sourcecode.swift; path = JobListTableViewController.swift; sourceTree = "<group>"; };
		737883232A03C67F008349E5 /* Job.swift */ = {isa = PBXFileReference; lastKnownFileType = sourcecode.swift; path = Job.swift; sourceTree = "<group>"; };
		737883252A03DDFF008349E5 /* JobListTableViewCell.swift */ = {isa = PBXFileReference; lastKnownFileType = sourcecode.swift; path = JobListTableViewCell.swift; sourceTree = "<group>"; };
		7378832D2A0432B0008349E5 /* Profile.swift */ = {isa = PBXFileReference; lastKnownFileType = sourcecode.swift; path = Profile.swift; sourceTree = "<group>"; };
		737883312A043A70008349E5 /* DataBase.swift */ = {isa = PBXFileReference; lastKnownFileType = sourcecode.swift; path = DataBase.swift; sourceTree = "<group>"; };
		737883332A0442EE008349E5 /* JobDetailsViewController.swift */ = {isa = PBXFileReference; lastKnownFileType = sourcecode.swift; path = JobDetailsViewController.swift; sourceTree = "<group>"; };
		737883352A044470008349E5 /* JobDetailsTableViewCell.swift */ = {isa = PBXFileReference; lastKnownFileType = sourcecode.swift; path = JobDetailsTableViewCell.swift; sourceTree = "<group>"; };
		737883372A04E914008349E5 /* CustomFormlabel.swift */ = {isa = PBXFileReference; lastKnownFileType = sourcecode.swift; path = CustomFormlabel.swift; sourceTree = "<group>"; };
		7378833C2A050149008349E5 /* CustomProfileTableViewCell.swift */ = {isa = PBXFileReference; lastKnownFileType = sourcecode.swift; path = CustomProfileTableViewCell.swift; sourceTree = "<group>"; };
		7378833E2A051AA7008349E5 /* ResumeVC.swift */ = {isa = PBXFileReference; lastKnownFileType = sourcecode.swift; path = ResumeVC.swift; sourceTree = "<group>"; };
		737883402A0537F0008349E5 /* Util.swift */ = {isa = PBXFileReference; lastKnownFileType = sourcecode.swift; path = Util.swift; sourceTree = "<group>"; };
		737883422A053DD9008349E5 /* Gender.swift */ = {isa = PBXFileReference; lastKnownFileType = sourcecode.swift; path = Gender.swift; sourceTree = "<group>"; };
		737883442A0B832B008349E5 /* ResumeVCGenderDelegate.swift */ = {isa = PBXFileReference; lastKnownFileType = sourcecode.swift; path = ResumeVCGenderDelegate.swift; sourceTree = "<group>"; };
		737883462A0B83F0008349E5 /* GenderVC.swift */ = {isa = PBXFileReference; lastKnownFileType = sourcecode.swift; path = GenderVC.swift; sourceTree = "<group>"; };
/* End PBXFileReference section */

/* Begin PBXFrameworksBuildPhase section */
		734EAC782A02837E002DA18D /* Frameworks */ = {
			isa = PBXFrameworksBuildPhase;
			buildActionMask = 2147483647;
			files = (
			);
			runOnlyForDeploymentPostprocessing = 0;
		};
/* End PBXFrameworksBuildPhase section */

/* Begin PBXGroup section */
		734EAC722A02837E002DA18D = {
			isa = PBXGroup;
			children = (
				734EAC7D2A02837E002DA18D /* Forms */,
				734EAC7C2A02837E002DA18D /* Products */,
			);
			sourceTree = "<group>";
		};
		734EAC7C2A02837E002DA18D /* Products */ = {
			isa = PBXGroup;
			children = (
				734EAC7B2A02837E002DA18D /* Forms.app */,
			);
			name = Products;
			sourceTree = "<group>";
		};
		734EAC7D2A02837E002DA18D /* Forms */ = {
			isa = PBXGroup;
			children = (
				7378831D2A02E386008349E5 /* TitleView.swift */,
				7378833B2A04FA3B008349E5 /* Utils */,
				7378833A2A04FA1E008349E5 /* Profile */,
				737883392A04F9AD008349E5 /* Job */,
				7378832B2A04310A008349E5 /* ZStructureDelegates */,
				734EAC822A02837E002DA18D /* WelcomeVC.swift */,
				737883312A043A70008349E5 /* DataBase.swift */,
				734EAC872A028380002DA18D /* Assets.xcassets */,
				734EAC892A028380002DA18D /* LaunchScreen.storyboard */,
				734EAC8C2A028380002DA18D /* Info.plist */,
			);
			path = Forms;
			sourceTree = "<group>";
		};
		7378832B2A04310A008349E5 /* ZStructureDelegates */ = {
			isa = PBXGroup;
			children = (
				734EAC802A02837E002DA18D /* SceneDelegate.swift */,
				734EAC7E2A02837E002DA18D /* AppDelegate.swift */,
			);
			path = ZStructureDelegates;
			sourceTree = "<group>";
		};
		737883392A04F9AD008349E5 /* Job */ = {
			isa = PBXGroup;
			children = (
				737883232A03C67F008349E5 /* Job.swift */,
				737883252A03DDFF008349E5 /* JobListTableViewCell.swift */,
				737883212A03C628008349E5 /* JobListTableViewController.swift */,
				737883352A044470008349E5 /* JobDetailsTableViewCell.swift */,
				737883332A0442EE008349E5 /* JobDetailsViewController.swift */,
			);
			path = Job;
			sourceTree = "<group>";
		};
		7378833A2A04FA1E008349E5 /* Profile */ = {
			isa = PBXGroup;
			children = (
				7378831F2A03B2F9008349E5 /* ProfileVC.swift */,
				7378832D2A0432B0008349E5 /* Profile.swift */,
				7378833C2A050149008349E5 /* CustomProfileTableViewCell.swift */,
				7378833E2A051AA7008349E5 /* ResumeVC.swift */,
				737883462A0B83F0008349E5 /* GenderVC.swift */,
				737883442A0B832B008349E5 /* ResumeVCGenderDelegate.swift */,
			);
			path = Profile;
			sourceTree = "<group>";
		};
		7378833B2A04FA3B008349E5 /* Utils */ = {
			isa = PBXGroup;
			children = (
				737883372A04E914008349E5 /* CustomFormlabel.swift */,
				737883402A0537F0008349E5 /* Util.swift */,
				7334C5F62A0B9AFF00FCF2BC /* TabBarViewController.swift */,
				737883422A053DD9008349E5 /* Gender.swift */,
			);
			path = Utils;
			sourceTree = "<group>";
		};
/* End PBXGroup section */

/* Begin PBXNativeTarget section */
		734EAC7A2A02837E002DA18D /* Forms */ = {
			isa = PBXNativeTarget;
			buildConfigurationList = 734EAC8F2A028380002DA18D /* Build configuration list for PBXNativeTarget "Forms" */;
			buildPhases = (
				734EAC772A02837E002DA18D /* Sources */,
				734EAC782A02837E002DA18D /* Frameworks */,
				734EAC792A02837E002DA18D /* Resources */,
			);
			buildRules = (
			);
			dependencies = (
			);
			name = Forms;
			productName = Forms;
			productReference = 734EAC7B2A02837E002DA18D /* Forms.app */;
			productType = "com.apple.product-type.application";
		};
/* End PBXNativeTarget section */

/* Begin PBXProject section */
		734EAC732A02837E002DA18D /* Project object */ = {
			isa = PBXProject;
			attributes = {
				BuildIndependentTargetsInParallel = 1;
				LastSwiftUpdateCheck = 1420;
				LastUpgradeCheck = 1420;
				TargetAttributes = {
					734EAC7A2A02837E002DA18D = {
						CreatedOnToolsVersion = 14.2;
					};
				};
			};
			buildConfigurationList = 734EAC762A02837E002DA18D /* Build configuration list for PBXProject "Forms" */;
			compatibilityVersion = "Xcode 14.0";
			developmentRegion = en;
			hasScannedForEncodings = 0;
			knownRegions = (
				en,
				Base,
			);
			mainGroup = 734EAC722A02837E002DA18D;
			productRefGroup = 734EAC7C2A02837E002DA18D /* Products */;
			projectDirPath = "";
			projectRoot = "";
			targets = (
				734EAC7A2A02837E002DA18D /* Forms */,
			);
		};
/* End PBXProject section */

/* Begin PBXResourcesBuildPhase section */
		734EAC792A02837E002DA18D /* Resources */ = {
			isa = PBXResourcesBuildPhase;
			buildActionMask = 2147483647;
			files = (
				734EAC8B2A028380002DA18D /* LaunchScreen.storyboard in Resources */,
				734EAC882A028380002DA18D /* Assets.xcassets in Resources */,
			);
			runOnlyForDeploymentPostprocessing = 0;
		};
/* End PBXResourcesBuildPhase section */

/* Begin PBXSourcesBuildPhase section */
		734EAC772A02837E002DA18D /* Sources */ = {
			isa = PBXSourcesBuildPhase;
			buildActionMask = 2147483647;
			files = (
				7378832E2A0432B0008349E5 /* Profile.swift in Sources */,
				737883202A03B2F9008349E5 /* ProfileVC.swift in Sources */,
				737883472A0B83F0008349E5 /* GenderVC.swift in Sources */,
				734EAC832A02837E002DA18D /* WelcomeVC.swift in Sources */,
				737883362A044470008349E5 /* JobDetailsTableViewCell.swift in Sources */,
				734EAC7F2A02837E002DA18D /* AppDelegate.swift in Sources */,
				737883452A0B832B008349E5 /* ResumeVCGenderDelegate.swift in Sources */,
				737883412A0537F0008349E5 /* Util.swift in Sources */,
				7334C5F72A0B9AFF00FCF2BC /* TabBarViewController.swift in Sources */,
				737883262A03DDFF008349E5 /* JobListTableViewCell.swift in Sources */,
				734EAC812A02837E002DA18D /* SceneDelegate.swift in Sources */,
				7378833D2A050149008349E5 /* CustomProfileTableViewCell.swift in Sources */,
				737883222A03C628008349E5 /* JobListTableViewController.swift in Sources */,
				737883342A0442EE008349E5 /* JobDetailsViewController.swift in Sources */,
				737883322A043A70008349E5 /* DataBase.swift in Sources */,
				7378833F2A051AA7008349E5 /* ResumeVC.swift in Sources */,
				737883242A03C67F008349E5 /* Job.swift in Sources */,
				7378831E2A02E386008349E5 /* TitleView.swift in Sources */,
				737883382A04E914008349E5 /* CustomFormlabel.swift in Sources */,
				737883432A053DD9008349E5 /* Gender.swift in Sources */,
			);
			runOnlyForDeploymentPostprocessing = 0;
		};
/* End PBXSourcesBuildPhase section */

/* Begin PBXVariantGroup section */
		734EAC892A028380002DA18D /* LaunchScreen.storyboard */ = {
			isa = PBXVariantGroup;
			children = (
				734EAC8A2A028380002DA18D /* Base */,
			);
			name = LaunchScreen.storyboard;
			sourceTree = "<group>";
		};
/* End PBXVariantGroup section */

/* Begin XCBuildConfiguration section */
		734EAC8D2A028380002DA18D /* Debug */ = {
			isa = XCBuildConfiguration;
			buildSettings = {
				ALWAYS_SEARCH_USER_PATHS = NO;
				CLANG_ANALYZER_NONNULL = YES;
				CLANG_ANALYZER_NUMBER_OBJECT_CONVERSION = YES_AGGRESSIVE;
				CLANG_CXX_LANGUAGE_STANDARD = "gnu++20";
				CLANG_ENABLE_MODULES = YES;
				CLANG_ENABLE_OBJC_ARC = YES;
				CLANG_ENABLE_OBJC_WEAK = YES;
				CLANG_WARN_BLOCK_CAPTURE_AUTORELEASING = YES;
				CLANG_WARN_BOOL_CONVERSION = YES;
				CLANG_WARN_COMMA = YES;
				CLANG_WARN_CONSTANT_CONVERSION = YES;
				CLANG_WARN_DEPRECATED_OBJC_IMPLEMENTATIONS = YES;
				CLANG_WARN_DIRECT_OBJC_ISA_USAGE = YES_ERROR;
				CLANG_WARN_DOCUMENTATION_COMMENTS = YES;
				CLANG_WARN_EMPTY_BODY = YES;
				CLANG_WARN_ENUM_CONVERSION = YES;
				CLANG_WARN_INFINITE_RECURSION = YES;
				CLANG_WARN_INT_CONVERSION = YES;
				CLANG_WARN_NON_LITERAL_NULL_CONVERSION = YES;
				CLANG_WARN_OBJC_IMPLICIT_RETAIN_SELF = YES;
				CLANG_WARN_OBJC_LITERAL_CONVERSION = YES;
				CLANG_WARN_OBJC_ROOT_CLASS = YES_ERROR;
				CLANG_WARN_QUOTED_INCLUDE_IN_FRAMEWORK_HEADER = YES;
				CLANG_WARN_RANGE_LOOP_ANALYSIS = YES;
				CLANG_WARN_STRICT_PROTOTYPES = YES;
				CLANG_WARN_SUSPICIOUS_MOVE = YES;
				CLANG_WARN_UNGUARDED_AVAILABILITY = YES_AGGRESSIVE;
				CLANG_WARN_UNREACHABLE_CODE = YES;
				CLANG_WARN__DUPLICATE_METHOD_MATCH = YES;
				COPY_PHASE_STRIP = NO;
				DEBUG_INFORMATION_FORMAT = dwarf;
				ENABLE_STRICT_OBJC_MSGSEND = YES;
				ENABLE_TESTABILITY = YES;
				GCC_C_LANGUAGE_STANDARD = gnu11;
				GCC_DYNAMIC_NO_PIC = NO;
				GCC_NO_COMMON_BLOCKS = YES;
				GCC_OPTIMIZATION_LEVEL = 0;
				GCC_PREPROCESSOR_DEFINITIONS = (
					"DEBUG=1",
					"$(inherited)",
				);
				GCC_WARN_64_TO_32_BIT_CONVERSION = YES;
				GCC_WARN_ABOUT_RETURN_TYPE = YES_ERROR;
				GCC_WARN_UNDECLARED_SELECTOR = YES;
				GCC_WARN_UNINITIALIZED_AUTOS = YES_AGGRESSIVE;
				GCC_WARN_UNUSED_FUNCTION = YES;
				GCC_WARN_UNUSED_VARIABLE = YES;
				INFOPLIST_KEY_UIMainStoryboardFile = LaunchScreen;
				IPHONEOS_DEPLOYMENT_TARGET = 16.2;
				MTL_ENABLE_DEBUG_INFO = INCLUDE_SOURCE;
				MTL_FAST_MATH = YES;
				ONLY_ACTIVE_ARCH = YES;
				SDKROOT = iphoneos;
				SWIFT_ACTIVE_COMPILATION_CONDITIONS = DEBUG;
				SWIFT_OPTIMIZATION_LEVEL = "-Onone";
			};
			name = Debug;
		};
		734EAC8E2A028380002DA18D /* Release */ = {
			isa = XCBuildConfiguration;
			buildSettings = {
				ALWAYS_SEARCH_USER_PATHS = NO;
				CLANG_ANALYZER_NONNULL = YES;
				CLANG_ANALYZER_NUMBER_OBJECT_CONVERSION = YES_AGGRESSIVE;
				CLANG_CXX_LANGUAGE_STANDARD = "gnu++20";
				CLANG_ENABLE_MODULES = YES;
				CLANG_ENABLE_OBJC_ARC = YES;
				CLANG_ENABLE_OBJC_WEAK = YES;
				CLANG_WARN_BLOCK_CAPTURE_AUTORELEASING = YES;
				CLANG_WARN_BOOL_CONVERSION = YES;
				CLANG_WARN_COMMA = YES;
				CLANG_WARN_CONSTANT_CONVERSION = YES;
				CLANG_WARN_DEPRECATED_OBJC_IMPLEMENTATIONS = YES;
				CLANG_WARN_DIRECT_OBJC_ISA_USAGE = YES_ERROR;
				CLANG_WARN_DOCUMENTATION_COMMENTS = YES;
				CLANG_WARN_EMPTY_BODY = YES;
				CLANG_WARN_ENUM_CONVERSION = YES;
				CLANG_WARN_INFINITE_RECURSION = YES;
				CLANG_WARN_INT_CONVERSION = YES;
				CLANG_WARN_NON_LITERAL_NULL_CONVERSION = YES;
				CLANG_WARN_OBJC_IMPLICIT_RETAIN_SELF = YES;
				CLANG_WARN_OBJC_LITERAL_CONVERSION = YES;
				CLANG_WARN_OBJC_ROOT_CLASS = YES_ERROR;
				CLANG_WARN_QUOTED_INCLUDE_IN_FRAMEWORK_HEADER = YES;
				CLANG_WARN_RANGE_LOOP_ANALYSIS = YES;
				CLANG_WARN_STRICT_PROTOTYPES = YES;
				CLANG_WARN_SUSPICIOUS_MOVE = YES;
				CLANG_WARN_UNGUARDED_AVAILABILITY = YES_AGGRESSIVE;
				CLANG_WARN_UNREACHABLE_CODE = YES;
				CLANG_WARN__DUPLICATE_METHOD_MATCH = YES;
				COPY_PHASE_STRIP = NO;
				DEBUG_INFORMATION_FORMAT = "dwarf-with-dsym";
				ENABLE_NS_ASSERTIONS = NO;
				ENABLE_STRICT_OBJC_MSGSEND = YES;
				GCC_C_LANGUAGE_STANDARD = gnu11;
				GCC_NO_COMMON_BLOCKS = YES;
				GCC_WARN_64_TO_32_BIT_CONVERSION = YES;
				GCC_WARN_ABOUT_RETURN_TYPE = YES_ERROR;
				GCC_WARN_UNDECLARED_SELECTOR = YES;
				GCC_WARN_UNINITIALIZED_AUTOS = YES_AGGRESSIVE;
				GCC_WARN_UNUSED_FUNCTION = YES;
				GCC_WARN_UNUSED_VARIABLE = YES;
				INFOPLIST_KEY_UIMainStoryboardFile = LaunchScreen;
				IPHONEOS_DEPLOYMENT_TARGET = 16.2;
				MTL_ENABLE_DEBUG_INFO = NO;
				MTL_FAST_MATH = YES;
				SDKROOT = iphoneos;
				SWIFT_COMPILATION_MODE = wholemodule;
				SWIFT_OPTIMIZATION_LEVEL = "-O";
				VALIDATE_PRODUCT = YES;
			};
			name = Release;
		};
		734EAC902A028380002DA18D /* Debug */ = {
			isa = XCBuildConfiguration;
			buildSettings = {
				ASSETCATALOG_COMPILER_APPICON_NAME = AppIcon;
				ASSETCATALOG_COMPILER_GLOBAL_ACCENT_COLOR_NAME = AccentColor;
				CODE_SIGN_STYLE = Automatic;
				CURRENT_PROJECT_VERSION = 1;
				DEVELOPMENT_TEAM = U29RDV7665;
				GENERATE_INFOPLIST_FILE = YES;
				INFOPLIST_FILE = Forms/Info.plist;
				INFOPLIST_KEY_UIApplicationSupportsIndirectInputEvents = YES;
				INFOPLIST_KEY_UILaunchStoryboardName = LaunchScreen;
				INFOPLIST_KEY_UIMainStoryboardFile = LaunchScreen;
				INFOPLIST_KEY_UISupportedInterfaceOrientations = "UIInterfaceOrientationLandscapeLeft UIInterfaceOrientationLandscapeRight UIInterfaceOrientationPortrait UIInterfaceOrientationPortraitUpsideDown";
				IPHONEOS_DEPLOYMENT_TARGET = 16.0;
				LD_RUNPATH_SEARCH_PATHS = (
					"$(inherited)",
					"@executable_path/Frameworks",
				);
				MARKETING_VERSION = 1.0;
				PRODUCT_BUNDLE_IDENTIFIER = sankar.Forms;
				PRODUCT_NAME = "$(TARGET_NAME)";
				SWIFT_EMIT_LOC_STRINGS = YES;
				SWIFT_VERSION = 5.0;
				TARGETED_DEVICE_FAMILY = "1,2";
			};
			name = Debug;
		};
		734EAC912A028380002DA18D /* Release */ = {
			isa = XCBuildConfiguration;
			buildSettings = {
				ASSETCATALOG_COMPILER_APPICON_NAME = AppIcon;
				ASSETCATALOG_COMPILER_GLOBAL_ACCENT_COLOR_NAME = AccentColor;
				CODE_SIGN_STYLE = Automatic;
				CURRENT_PROJECT_VERSION = 1;
				DEVELOPMENT_TEAM = U29RDV7665;
				GENERATE_INFOPLIST_FILE = YES;
				INFOPLIST_FILE = Forms/Info.plist;
				INFOPLIST_KEY_UIApplicationSupportsIndirectInputEvents = YES;
				INFOPLIST_KEY_UILaunchStoryboardName = LaunchScreen;
				INFOPLIST_KEY_UIMainStoryboardFile = LaunchScreen;
				INFOPLIST_KEY_UISupportedInterfaceOrientations = "UIInterfaceOrientationLandscapeLeft UIInterfaceOrientationLandscapeRight UIInterfaceOrientationPortrait UIInterfaceOrientationPortraitUpsideDown";
				IPHONEOS_DEPLOYMENT_TARGET = 16.0;
				LD_RUNPATH_SEARCH_PATHS = (
					"$(inherited)",
					"@executable_path/Frameworks",
				);
				MARKETING_VERSION = 1.0;
				PRODUCT_BUNDLE_IDENTIFIER = sankar.Forms;
				PRODUCT_NAME = "$(TARGET_NAME)";
				SWIFT_EMIT_LOC_STRINGS = YES;
				SWIFT_VERSION = 5.0;
				TARGETED_DEVICE_FAMILY = "1,2";
			};
			name = Release;
		};
/* End XCBuildConfiguration section */

/* Begin XCConfigurationList section */
		734EAC762A02837E002DA18D /* Build configuration list for PBXProject "Forms" */ = {
			isa = XCConfigurationList;
			buildConfigurations = (
				734EAC8D2A028380002DA18D /* Debug */,
				734EAC8E2A028380002DA18D /* Release */,
			);
			defaultConfigurationIsVisible = 0;
			defaultConfigurationName = Release;
		};
		734EAC8F2A028380002DA18D /* Build configuration list for PBXNativeTarget "Forms" */ = {
			isa = XCConfigurationList;
			buildConfigurations = (
				734EAC902A028380002DA18D /* Debug */,
				734EAC912A028380002DA18D /* Release */,
			);
			defaultConfigurationIsVisible = 0;
			defaultConfigurationName = Release;
		};
/* End XCConfigurationList section */
	};
	rootObject = 734EAC732A02837E002DA18D /* Project object */;
}
